# THIS IS AN AUTOGENERATED FILE. DO NOT EDIT THIS FILE DIRECTLY.
# yarn lockfile v1


clone@^0.1.1, clone@^0.1.5:
  version "0.1.19"
  resolved "https://registry.npmjs.org/clone/-/clone-0.1.19.tgz#613fb68639b26a494ac53253e15b1a6bd88ada85"
  integrity sha1-YT+2hjmyaklKxTJT4Vsaa9iK2oU=

clone@^2.1.2:
  version "2.1.2"
  resolved "https://registry.npmjs.org/clone/-/clone-2.1.2.tgz#1b7f4b9f591f1e8f83670401600345a02887435f"
  integrity sha1-G39Ln1kfHo+DZwQBYANFoCiHQ18=

esmodulea@^3.0.1:
  version "3.0.1"
  resolved "https://registry.npmjs.org/esmodulea/-/esmodulea-3.0.1.tgz#15cff765fc2a11ecbfd4c260f137d0b80a9168df"
  integrity sha512-1aZMi8z8TSougUkVvfBlaOPMbW5Tl+00iQNjyDZ5GysTaMd2p7MResTcGNJUkiKzdpRAe19oXABl8eyU+yiSkg==
  dependencies:
    clone "^2.1.2"

esmoduleb@^3.0.3:
  version "3.0.3"
  resolved "https://registry.npmjs.org/esmoduleb/-/esmoduleb-3.0.3.tgz#c78e1f04b7caa65956f3664c746e2a3557864d30"
  integrity sha512-zmVmEfPocbv8h4m8DvwGt5xODx21QoJkTVvhnSuUyTnFNzdyrkzvkSud1OqpuRJZ865N7w195e0l0YPfJa4w9w==
  dependencies:
    clone "^0.1.1"

esmodulec@^3.0.3:
  version "3.0.3"
  resolved "https://registry.npmjs.org/esmodulec/-/esmodulec-3.0.3.tgz#c6d5247389eea4333e9a3066d3f973cc96338833"
  integrity sha512-dZ6UDbPboVOBiRWuiXZeBFWKHI9+gTbZqFjpd0jlJd/NqWjricIWxt9GR6DwypdyPX6jxkdJyobm2m8Ky1Wr2Q==
  dependencies:
    clone "^0.1.5"
